
Microsoft Visual Studio Solution File, Format Version 12.00
# Visual Studio Version 17
VisualStudioVersion = 17.14.36414.22 d17.14
MinimumVisualStudioVersion = 10.0.40219.1
Project("{FAE04EC0-301F-11D3-BF4B-00C04F79EFBC}") = "EwidencjaCzasuPracyMAUI", "EwidencjaCzasuPracyMAUI.csproj", "{60DE4C49-6E62-4CFC-99BB-329398AF2C82}"
EndProject
Global
	GlobalSection(SolutionConfigurationPlatforms) = preSolution
		Debug|Any CPU = Debug|Any CPU
		Release|Any CPU = Release|Any CPU
	EndGlobalSection
	GlobalSection(ProjectConfigurationPlatforms) = postSolution
		{60DE4C49-6E62-4CFC-99BB-329398AF2C82}.Debug|Any CPU.ActiveCfg = Debug|Any CPU
		{60DE4C49-6E62-4CFC-99BB-329398AF2C82}.Debug|Any CPU.Build.0 = Debug|Any CPU
		{60DE4C49-6E62-4CFC-99BB-329398AF2C82}.Debug|Any CPU.Deploy.0 = Debug|Any CPU
		{60DE4C49-6E62-4CFC-99BB-329398AF2C82}.Release|Any CPU.ActiveCfg = Release|Any CPU
		{60DE4C49-6E62-4CFC-99BB-329398AF2C82}.Release|Any CPU.Build.0 = Release|Any CPU
		{60DE4C49-6E62-4CFC-99BB-329398AF2C82}.Release|Any CPU.Deploy.0 = Release|Any CPU
	EndGlobalSection
	GlobalSection(SolutionProperties) = preSolution
		HideSolutionNode = FALSE
	EndGlobalSection
	GlobalSection(ExtensibilityGlobals) = postSolution
		SolutionGuid = {1C0D8495-4254-46A0-A980-BC830440497C}
	EndGlobalSection
EndGlobal
